
Microsoft Visual Studio Solution File, Format Version 12.00
# Visual Studio Version 17
VisualStudioVersion = 17.2.32616.157
MinimumVisualStudioVersion = 10.0.40219.1
Project("{9A19103F-16F7-4668-BE54-9A1E7A4F7556}") = "Project CD", "Project CD\Project CD.csproj", "{C978E34F-57F5-4729-AC4D-0B70C88F7AFD}"
	ProjectSection(ProjectDependencies) = postProject
		{DE1EF468-D527-4761-8CD1-55710DA2EF0D} = {DE1EF468-D527-4761-8CD1-55710DA2EF0D}
	EndProjectSection
EndProject
Project("{9A19103F-16F7-4668-BE54-9A1E7A4F7556}") = "Sharp.Engine", "Sharp.Engine\Sharp.Engine.csproj", "{DE1EF468-D527-4761-8CD1-55710DA2EF0D}"
	ProjectSection(ProjectDependencies) = postProject
		{45E6AB9B-44F7-4505-9DA3-5F0A6C795136} = {45E6AB9B-44F7-4505-9DA3-5F0A6C795136}
		{44090ECA-FD90-4C21-AC33-191BE7644385} = {44090ECA-FD90-4C21-AC33-191BE7644385}
	EndProjectSection
EndProject
Project("{9A19103F-16F7-4668-BE54-9A1E7A4F7556}") = "Sharp.Engine.Tests", "Sharp.Engine.Tests\Sharp.Engine.Tests.csproj", "{45E6AB9B-44F7-4505-9DA3-5F0A6C795136}"
EndProject
Project("{9A19103F-16F7-4668-BE54-9A1E7A4F7556}") = "Sharp.Common", "Sharp.Common\Sharp.Common.csproj", "{44090ECA-FD90-4C21-AC33-191BE7644385}"
EndProject
Global
	GlobalSection(SolutionConfigurationPlatforms) = preSolution
		Debug|Any CPU = Debug|Any CPU
		Release|Any CPU = Release|Any CPU
	EndGlobalSection
	GlobalSection(ProjectConfigurationPlatforms) = postSolution
		{C978E34F-57F5-4729-AC4D-0B70C88F7AFD}.Debug|Any CPU.ActiveCfg = Debug|Any CPU
		{C978E34F-57F5-4729-AC4D-0B70C88F7AFD}.Debug|Any CPU.Build.0 = Debug|Any CPU
		{C978E34F-57F5-4729-AC4D-0B70C88F7AFD}.Release|Any CPU.ActiveCfg = Release|Any CPU
		{C978E34F-57F5-4729-AC4D-0B70C88F7AFD}.Release|Any CPU.Build.0 = Release|Any CPU
		{DE1EF468-D527-4761-8CD1-55710DA2EF0D}.Debug|Any CPU.ActiveCfg = Debug|Any CPU
		{DE1EF468-D527-4761-8CD1-55710DA2EF0D}.Debug|Any CPU.Build.0 = Debug|Any CPU
		{DE1EF468-D527-4761-8CD1-55710DA2EF0D}.Release|Any CPU.ActiveCfg = Release|Any CPU
		{DE1EF468-D527-4761-8CD1-55710DA2EF0D}.Release|Any CPU.Build.0 = Release|Any CPU
		{45E6AB9B-44F7-4505-9DA3-5F0A6C795136}.Debug|Any CPU.ActiveCfg = Debug|Any CPU
		{45E6AB9B-44F7-4505-9DA3-5F0A6C795136}.Debug|Any CPU.Build.0 = Debug|Any CPU
		{45E6AB9B-44F7-4505-9DA3-5F0A6C795136}.Release|Any CPU.ActiveCfg = Release|Any CPU
		{45E6AB9B-44F7-4505-9DA3-5F0A6C795136}.Release|Any CPU.Build.0 = Release|Any CPU
		{44090ECA-FD90-4C21-AC33-191BE7644385}.Debug|Any CPU.ActiveCfg = Debug|Any CPU
		{44090ECA-FD90-4C21-AC33-191BE7644385}.Debug|Any CPU.Build.0 = Debug|Any CPU
		{44090ECA-FD90-4C21-AC33-191BE7644385}.Release|Any CPU.ActiveCfg = Release|Any CPU
		{44090ECA-FD90-4C21-AC33-191BE7644385}.Release|Any CPU.Build.0 = Release|Any CPU
	EndGlobalSection
	GlobalSection(SolutionProperties) = preSolution
		HideSolutionNode = FALSE
	EndGlobalSection
	GlobalSection(ExtensibilityGlobals) = postSolution
		SolutionGuid = {C3589F3F-02BC-4EE1-9385-8FA3BA94DA03}
	EndGlobalSection
EndGlobal
